
Microsoft Visual Studio Solution File, Format Version 12.00
# Visual Studio Version 17
VisualStudioVersion = 17.2.32630.192
MinimumVisualStudioVersion = 10.0.40219.1
Project("{9A19103F-16F7-4668-BE54-9A1E7A4F7556}") = "R5T.L0072.Construction", "R5T.L0072.Construction\R5T.L0072.Construction.csproj", "{1CFDB4B0-0DF4-4346-8409-3C93F121E576}"
EndProject
Project("{9A19103F-16F7-4668-BE54-9A1E7A4F7556}") = "R5T.L0072", "R5T.L0072\R5T.L0072.csproj", "{5FA8BDF5-EBA1-4DDC-8738-1D0404F39BD0}"
EndProject
Project("{2150E333-8FDC-42A3-9474-1A3956D46DE8}") = "_Dependencies", "_Dependencies", "{B567B209-7F79-405D-89AB-63970B5F42EA}"
EndProject
Project("{9A19103F-16F7-4668-BE54-9A1E7A4F7556}") = "R5T.L0066", "..\..\R5T.L0066\source\R5T.L0066\R5T.L0066.csproj", "{F4965B76-6FCA-4702-A76E-3F1F050412AC}"
EndProject
Project("{9A19103F-16F7-4668-BE54-9A1E7A4F7556}") = "R5T.T0131", "..\..\R5T.T0131\source\R5T.T0131\R5T.T0131.csproj", "{C0F75E0F-EE5C-45EA-8A7B-DAC880A3CA13}"
EndProject
Project("{9A19103F-16F7-4668-BE54-9A1E7A4F7556}") = "R5T.T0132", "..\..\R5T.T0132\source\R5T.T0132\R5T.T0132.csproj", "{3E9C4878-7A4F-40F0-A6CE-58892B800B6B}"
EndProject
Project("{9A19103F-16F7-4668-BE54-9A1E7A4F7556}") = "R5T.T0142", "..\..\R5T.T0142\source\R5T.T0142\R5T.T0142.csproj", "{CC82F2C2-D698-49B1-9058-A1CF05350CC9}"
EndProject
Project("{9A19103F-16F7-4668-BE54-9A1E7A4F7556}") = "R5T.T0143", "..\..\R5T.T0143\source\R5T.T0143\R5T.T0143.csproj", "{94392546-FD88-4B78-8031-8FBB5F9F8D2B}"
EndProject
Project("{9A19103F-16F7-4668-BE54-9A1E7A4F7556}") = "R5T.T0156", "..\..\R5T.T0156\source\R5T.T0156\R5T.T0156.csproj", "{6963E9AC-6E1B-4DF9-ADE1-59ABAF423E26}"
EndProject
Project("{9A19103F-16F7-4668-BE54-9A1E7A4F7556}") = "R5T.Y0006", "..\..\R5T.Y0006\source\R5T.Y0006\R5T.Y0006.csproj", "{4EFBACE5-6C89-4C96-8286-3CAEB8CD8157}"
EndProject
Global
	GlobalSection(NestedProjects) = preSolution
		{F4965B76-6FCA-4702-A76E-3F1F050412AC} = {B567B209-7F79-405D-89AB-63970B5F42EA}
		{C0F75E0F-EE5C-45EA-8A7B-DAC880A3CA13} = {B567B209-7F79-405D-89AB-63970B5F42EA}
		{3E9C4878-7A4F-40F0-A6CE-58892B800B6B} = {B567B209-7F79-405D-89AB-63970B5F42EA}
		{CC82F2C2-D698-49B1-9058-A1CF05350CC9} = {B567B209-7F79-405D-89AB-63970B5F42EA}
		{94392546-FD88-4B78-8031-8FBB5F9F8D2B} = {B567B209-7F79-405D-89AB-63970B5F42EA}
		{6963E9AC-6E1B-4DF9-ADE1-59ABAF423E26} = {B567B209-7F79-405D-89AB-63970B5F42EA}
		{4EFBACE5-6C89-4C96-8286-3CAEB8CD8157} = {B567B209-7F79-405D-89AB-63970B5F42EA}
	EndGlobalSection
	GlobalSection(SolutionConfigurationPlatforms) = preSolution
		Debug|Any CPU = Debug|Any CPU
		Release|Any CPU = Release|Any CPU
	EndGlobalSection
	GlobalSection(ProjectConfigurationPlatforms) = postSolution
		{1CFDB4B0-0DF4-4346-8409-3C93F121E576}.Debug|Any CPU.ActiveCfg = Debug|Any CPU
		{1CFDB4B0-0DF4-4346-8409-3C93F121E576}.Debug|Any CPU.Build.0 = Debug|Any CPU
		{1CFDB4B0-0DF4-4346-8409-3C93F121E576}.Release|Any CPU.ActiveCfg = Release|Any CPU
		{1CFDB4B0-0DF4-4346-8409-3C93F121E576}.Release|Any CPU.Build.0 = Release|Any CPU
		{5FA8BDF5-EBA1-4DDC-8738-1D0404F39BD0}.Debug|Any CPU.ActiveCfg = Debug|Any CPU
		{5FA8BDF5-EBA1-4DDC-8738-1D0404F39BD0}.Debug|Any CPU.Build.0 = Debug|Any CPU
		{5FA8BDF5-EBA1-4DDC-8738-1D0404F39BD0}.Release|Any CPU.ActiveCfg = Release|Any CPU
		{5FA8BDF5-EBA1-4DDC-8738-1D0404F39BD0}.Release|Any CPU.Build.0 = Release|Any CPU
		{F4965B76-6FCA-4702-A76E-3F1F050412AC}.Debug|Any CPU.ActiveCfg = Debug|Any CPU
		{F4965B76-6FCA-4702-A76E-3F1F050412AC}.Debug|Any CPU.Build.0 = Debug|Any CPU
		{F4965B76-6FCA-4702-A76E-3F1F050412AC}.Release|Any CPU.ActiveCfg = Release|Any CPU
		{F4965B76-6FCA-4702-A76E-3F1F050412AC}.Release|Any CPU.Build.0 = Release|Any CPU
		{C0F75E0F-EE5C-45EA-8A7B-DAC880A3CA13}.Debug|Any CPU.ActiveCfg = Debug|Any CPU
		{C0F75E0F-EE5C-45EA-8A7B-DAC880A3CA13}.Debug|Any CPU.Build.0 = Debug|Any CPU
		{C0F75E0F-EE5C-45EA-8A7B-DAC880A3CA13}.Release|Any CPU.ActiveCfg = Release|Any CPU
		{C0F75E0F-EE5C-45EA-8A7B-DAC880A3CA13}.Release|Any CPU.Build.0 = Release|Any CPU
		{3E9C4878-7A4F-40F0-A6CE-58892B800B6B}.Debug|Any CPU.ActiveCfg = Debug|Any CPU
		{3E9C4878-7A4F-40F0-A6CE-58892B800B6B}.Debug|Any CPU.Build.0 = Debug|Any CPU
		{3E9C4878-7A4F-40F0-A6CE-58892B800B6B}.Release|Any CPU.ActiveCfg = Release|Any CPU
		{3E9C4878-7A4F-40F0-A6CE-58892B800B6B}.Release|Any CPU.Build.0 = Release|Any CPU
		{CC82F2C2-D698-49B1-9058-A1CF05350CC9}.Debug|Any CPU.ActiveCfg = Debug|Any CPU
		{CC82F2C2-D698-49B1-9058-A1CF05350CC9}.Debug|Any CPU.Build.0 = Debug|Any CPU
		{CC82F2C2-D698-49B1-9058-A1CF05350CC9}.Release|Any CPU.ActiveCfg = Release|Any CPU
		{CC82F2C2-D698-49B1-9058-A1CF05350CC9}.Release|Any CPU.Build.0 = Release|Any CPU
		{94392546-FD88-4B78-8031-8FBB5F9F8D2B}.Debug|Any CPU.ActiveCfg = Debug|Any CPU
		{94392546-FD88-4B78-8031-8FBB5F9F8D2B}.Debug|Any CPU.Build.0 = Debug|Any CPU
		{94392546-FD88-4B78-8031-8FBB5F9F8D2B}.Release|Any CPU.ActiveCfg = Release|Any CPU
		{94392546-FD88-4B78-8031-8FBB5F9F8D2B}.Release|Any CPU.Build.0 = Release|Any CPU
		{6963E9AC-6E1B-4DF9-ADE1-59ABAF423E26}.Debug|Any CPU.ActiveCfg = Debug|Any CPU
		{6963E9AC-6E1B-4DF9-ADE1-59ABAF423E26}.Debug|Any CPU.Build.0 = Debug|Any CPU
		{6963E9AC-6E1B-4DF9-ADE1-59ABAF423E26}.Release|Any CPU.ActiveCfg = Release|Any CPU
		{6963E9AC-6E1B-4DF9-ADE1-59ABAF423E26}.Release|Any CPU.Build.0 = Release|Any CPU
		{4EFBACE5-6C89-4C96-8286-3CAEB8CD8157}.Debug|Any CPU.ActiveCfg = Debug|Any CPU
		{4EFBACE5-6C89-4C96-8286-3CAEB8CD8157}.Debug|Any CPU.Build.0 = Debug|Any CPU
		{4EFBACE5-6C89-4C96-8286-3CAEB8CD8157}.Release|Any CPU.ActiveCfg = Release|Any CPU
		{4EFBACE5-6C89-4C96-8286-3CAEB8CD8157}.Release|Any CPU.Build.0 = Release|Any CPU
	EndGlobalSection
	GlobalSection(SolutionProperties) = preSolution
		HideSolutionNode = FALSE
	EndGlobalSection
	GlobalSection(ExtensibilityGlobals) = postSolution
		SolutionGuid = {16889576-9DFB-4BD9-AA74-F6DC04CF5B6A}
	EndGlobalSection
EndGlobal
