
Microsoft Visual Studio Solution File, Format Version 12.00
# Visual Studio Version 17
VisualStudioVersion = 17.2.32630.192
MinimumVisualStudioVersion = 10.0.40219.1
Project("{9A19103F-16F7-4668-BE54-9A1E7A4F7556}") = "R5T.L0072", "R5T.L0072\R5T.L0072.csproj", "{AA88FBBB-5F32-4F11-BB00-52B2C56484BA}"
EndProject
Project("{2150E333-8FDC-42A3-9474-1A3956D46DE8}") = "_Dependencies", "_Dependencies", "{40026C75-B7F0-46DF-951E-34FA836E0478}"
EndProject
Project("{9A19103F-16F7-4668-BE54-9A1E7A4F7556}") = "R5T.L0066", "..\..\R5T.L0066\source\R5T.L0066\R5T.L0066.csproj", "{A87BB5CE-B01D-4D31-880B-BCE913AC4B51}"
EndProject
Project("{9A19103F-16F7-4668-BE54-9A1E7A4F7556}") = "R5T.T0131", "..\..\R5T.T0131\source\R5T.T0131\R5T.T0131.csproj", "{0FD524CA-2F08-4ACC-90D8-5415234A7566}"
EndProject
Project("{9A19103F-16F7-4668-BE54-9A1E7A4F7556}") = "R5T.T0132", "..\..\R5T.T0132\source\R5T.T0132\R5T.T0132.csproj", "{D6949CA4-0EEE-4096-8C3C-71CBC1DA7905}"
EndProject
Project("{9A19103F-16F7-4668-BE54-9A1E7A4F7556}") = "R5T.T0142", "..\..\R5T.T0142\source\R5T.T0142\R5T.T0142.csproj", "{8AE94739-025C-4EDC-9CBE-1829D4A934BC}"
EndProject
Project("{9A19103F-16F7-4668-BE54-9A1E7A4F7556}") = "R5T.T0143", "..\..\R5T.T0143\source\R5T.T0143\R5T.T0143.csproj", "{6BE5A47D-EF60-4763-9F55-E9B97EC1AF30}"
EndProject
Project("{9A19103F-16F7-4668-BE54-9A1E7A4F7556}") = "R5T.T0156", "..\..\R5T.T0156\source\R5T.T0156\R5T.T0156.csproj", "{026DBE15-DB69-47CE-BC20-1C304951996F}"
EndProject
Project("{9A19103F-16F7-4668-BE54-9A1E7A4F7556}") = "R5T.Y0006", "..\..\R5T.Y0006\source\R5T.Y0006\R5T.Y0006.csproj", "{9BDF77CD-B5E2-437D-83B1-BD59BA0B70C0}"
EndProject
Global
	GlobalSection(NestedProjects) = preSolution
		{A87BB5CE-B01D-4D31-880B-BCE913AC4B51} = {40026C75-B7F0-46DF-951E-34FA836E0478}
		{0FD524CA-2F08-4ACC-90D8-5415234A7566} = {40026C75-B7F0-46DF-951E-34FA836E0478}
		{D6949CA4-0EEE-4096-8C3C-71CBC1DA7905} = {40026C75-B7F0-46DF-951E-34FA836E0478}
		{8AE94739-025C-4EDC-9CBE-1829D4A934BC} = {40026C75-B7F0-46DF-951E-34FA836E0478}
		{6BE5A47D-EF60-4763-9F55-E9B97EC1AF30} = {40026C75-B7F0-46DF-951E-34FA836E0478}
		{026DBE15-DB69-47CE-BC20-1C304951996F} = {40026C75-B7F0-46DF-951E-34FA836E0478}
		{9BDF77CD-B5E2-437D-83B1-BD59BA0B70C0} = {40026C75-B7F0-46DF-951E-34FA836E0478}
	EndGlobalSection
	GlobalSection(SolutionConfigurationPlatforms) = preSolution
		Debug|Any CPU = Debug|Any CPU
		Release|Any CPU = Release|Any CPU
	EndGlobalSection
	GlobalSection(ProjectConfigurationPlatforms) = postSolution
		{AA88FBBB-5F32-4F11-BB00-52B2C56484BA}.Debug|Any CPU.ActiveCfg = Debug|Any CPU
		{AA88FBBB-5F32-4F11-BB00-52B2C56484BA}.Debug|Any CPU.Build.0 = Debug|Any CPU
		{AA88FBBB-5F32-4F11-BB00-52B2C56484BA}.Release|Any CPU.ActiveCfg = Release|Any CPU
		{AA88FBBB-5F32-4F11-BB00-52B2C56484BA}.Release|Any CPU.Build.0 = Release|Any CPU
		{A87BB5CE-B01D-4D31-880B-BCE913AC4B51}.Debug|Any CPU.ActiveCfg = Debug|Any CPU
		{A87BB5CE-B01D-4D31-880B-BCE913AC4B51}.Debug|Any CPU.Build.0 = Debug|Any CPU
		{A87BB5CE-B01D-4D31-880B-BCE913AC4B51}.Release|Any CPU.ActiveCfg = Release|Any CPU
		{A87BB5CE-B01D-4D31-880B-BCE913AC4B51}.Release|Any CPU.Build.0 = Release|Any CPU
		{0FD524CA-2F08-4ACC-90D8-5415234A7566}.Debug|Any CPU.ActiveCfg = Debug|Any CPU
		{0FD524CA-2F08-4ACC-90D8-5415234A7566}.Debug|Any CPU.Build.0 = Debug|Any CPU
		{0FD524CA-2F08-4ACC-90D8-5415234A7566}.Release|Any CPU.ActiveCfg = Release|Any CPU
		{0FD524CA-2F08-4ACC-90D8-5415234A7566}.Release|Any CPU.Build.0 = Release|Any CPU
		{D6949CA4-0EEE-4096-8C3C-71CBC1DA7905}.Debug|Any CPU.ActiveCfg = Debug|Any CPU
		{D6949CA4-0EEE-4096-8C3C-71CBC1DA7905}.Debug|Any CPU.Build.0 = Debug|Any CPU
		{D6949CA4-0EEE-4096-8C3C-71CBC1DA7905}.Release|Any CPU.ActiveCfg = Release|Any CPU
		{D6949CA4-0EEE-4096-8C3C-71CBC1DA7905}.Release|Any CPU.Build.0 = Release|Any CPU
		{8AE94739-025C-4EDC-9CBE-1829D4A934BC}.Debug|Any CPU.ActiveCfg = Debug|Any CPU
		{8AE94739-025C-4EDC-9CBE-1829D4A934BC}.Debug|Any CPU.Build.0 = Debug|Any CPU
		{8AE94739-025C-4EDC-9CBE-1829D4A934BC}.Release|Any CPU.ActiveCfg = Release|Any CPU
		{8AE94739-025C-4EDC-9CBE-1829D4A934BC}.Release|Any CPU.Build.0 = Release|Any CPU
		{6BE5A47D-EF60-4763-9F55-E9B97EC1AF30}.Debug|Any CPU.ActiveCfg = Debug|Any CPU
		{6BE5A47D-EF60-4763-9F55-E9B97EC1AF30}.Debug|Any CPU.Build.0 = Debug|Any CPU
		{6BE5A47D-EF60-4763-9F55-E9B97EC1AF30}.Release|Any CPU.ActiveCfg = Release|Any CPU
		{6BE5A47D-EF60-4763-9F55-E9B97EC1AF30}.Release|Any CPU.Build.0 = Release|Any CPU
		{026DBE15-DB69-47CE-BC20-1C304951996F}.Debug|Any CPU.ActiveCfg = Debug|Any CPU
		{026DBE15-DB69-47CE-BC20-1C304951996F}.Debug|Any CPU.Build.0 = Debug|Any CPU
		{026DBE15-DB69-47CE-BC20-1C304951996F}.Release|Any CPU.ActiveCfg = Release|Any CPU
		{026DBE15-DB69-47CE-BC20-1C304951996F}.Release|Any CPU.Build.0 = Release|Any CPU
		{9BDF77CD-B5E2-437D-83B1-BD59BA0B70C0}.Debug|Any CPU.ActiveCfg = Debug|Any CPU
		{9BDF77CD-B5E2-437D-83B1-BD59BA0B70C0}.Debug|Any CPU.Build.0 = Debug|Any CPU
		{9BDF77CD-B5E2-437D-83B1-BD59BA0B70C0}.Release|Any CPU.ActiveCfg = Release|Any CPU
		{9BDF77CD-B5E2-437D-83B1-BD59BA0B70C0}.Release|Any CPU.Build.0 = Release|Any CPU
	EndGlobalSection
	GlobalSection(SolutionProperties) = preSolution
		HideSolutionNode = FALSE
	EndGlobalSection
	GlobalSection(ExtensibilityGlobals) = postSolution
		SolutionGuid = {64553ADF-593C-4848-B4C1-EA9A1468546E}
	EndGlobalSection
EndGlobal
